
Microsoft Visual Studio Solution File, Format Version 12.00
Project("{FAE04EC0-301F-11D3-BF4B-00C04F79EFBC}") = "SDLTest", "SDLTest\SDLTest.csproj", "{2832A20D-BB95-46BE-9E62-4FA85C50272A}"
EndProject
Global
	GlobalSection(SolutionConfigurationPlatforms) = preSolution
		Debug|Any CPU = Debug|Any CPU
		Release|Any CPU = Release|Any CPU
	EndGlobalSection
	GlobalSection(ProjectConfigurationPlatforms) = postSolution
		{2832A20D-BB95-46BE-9E62-4FA85C50272A}.Debug|Any CPU.ActiveCfg = Debug|Any CPU
		{2832A20D-BB95-46BE-9E62-4FA85C50272A}.Debug|Any CPU.Build.0 = Debug|Any CPU
		{2832A20D-BB95-46BE-9E62-4FA85C50272A}.Release|Any CPU.ActiveCfg = Release|Any CPU
		{2832A20D-BB95-46BE-9E62-4FA85C50272A}.Release|Any CPU.Build.0 = Release|Any CPU
	EndGlobalSection
EndGlobal
